
Microsoft Visual Studio Solution File, Format Version 12.00
# Visual Studio Version 17
VisualStudioVersion = 17.5.002.0
MinimumVisualStudioVersion = 10.0.40219.1
Project("{9A19103F-16F7-4668-BE54-9A1E7A4F7556}") = "BondHealth", "BondHealth\BondHealth.csproj", "{EBCAFFA5-2C92-4886-B381-3B7297B374E5}"
EndProject
Global
	GlobalSection(SolutionConfigurationPlatforms) = preSolution
		Debug|Any CPU = Debug|Any CPU
		Release|Any CPU = Release|Any CPU
	EndGlobalSection
	GlobalSection(ProjectConfigurationPlatforms) = postSolution
		{EBCAFFA5-2C92-4886-B381-3B7297B374E5}.Debug|Any CPU.ActiveCfg = Debug|Any CPU
		{EBCAFFA5-2C92-4886-B381-3B7297B374E5}.Debug|Any CPU.Build.0 = Debug|Any CPU
		{EBCAFFA5-2C92-4886-B381-3B7297B374E5}.Release|Any CPU.ActiveCfg = Release|Any CPU
		{EBCAFFA5-2C92-4886-B381-3B7297B374E5}.Release|Any CPU.Build.0 = Release|Any CPU
	EndGlobalSection
	GlobalSection(SolutionProperties) = preSolution
		HideSolutionNode = FALSE
	EndGlobalSection
	GlobalSection(ExtensibilityGlobals) = postSolution
		SolutionGuid = {7A3E91F6-15F9-45CC-A52A-6E2D9C7BF69A}
	EndGlobalSection
EndGlobal
